
Microsoft Visual Studio Solution File, Format Version 12.00
# Visual Studio 15
VisualStudioVersion = 15.0.28307.757
MinimumVisualStudioVersion = 10.0.40219.1
Project("{FAE04EC0-301F-11D3-BF4B-00C04F79EFBC}") = "Lesson 13 Part 3", "Lesson 13 Part 3\Lesson 13 Part 3.csproj", "{2E12D1C3-E38A-40BB-A411-18B0E549A63C}"
EndProject
Global
	GlobalSection(SolutionConfigurationPlatforms) = preSolution
		Debug|Any CPU = Debug|Any CPU
		Release|Any CPU = Release|Any CPU
	EndGlobalSection
	GlobalSection(ProjectConfigurationPlatforms) = postSolution
		{2E12D1C3-E38A-40BB-A411-18B0E549A63C}.Debug|Any CPU.ActiveCfg = Debug|Any CPU
		{2E12D1C3-E38A-40BB-A411-18B0E549A63C}.Debug|Any CPU.Build.0 = Debug|Any CPU
		{2E12D1C3-E38A-40BB-A411-18B0E549A63C}.Release|Any CPU.ActiveCfg = Release|Any CPU
		{2E12D1C3-E38A-40BB-A411-18B0E549A63C}.Release|Any CPU.Build.0 = Release|Any CPU
	EndGlobalSection
	GlobalSection(SolutionProperties) = preSolution
		HideSolutionNode = FALSE
	EndGlobalSection
	GlobalSection(ExtensibilityGlobals) = postSolution
		SolutionGuid = {12ED5F1A-C667-490C-A51C-48ABD323725D}
	EndGlobalSection
EndGlobal
